<?xml version="1.0" encoding="utf-8"?>
<Project ToolsVersion="4.0" xmlns="http://schemas.microsoft.com/developer/msbuild/2003">
  <ItemGroup>
    <Filter Include="Source Files">
      <UniqueIdentifier>{4FC737F1-C7A5-4376-A066-2A32D752A2FF}</UniqueIdentifier>
      <Extensions>cpp;c;cc;cxx;c++;cppm;ixx;def;odl;idl;hpj;bat;asm;asmx</Extensions>
    </Filter>
    <Filter Include="Header Files">
      <UniqueIdentifier>{93995380-89BD-4b04-88EB-625FBE52EBFB}</UniqueIdentifier>
      <Extensions>h;hh;hpp;hxx;h++;hm;inl;inc;ipp;xsd</Extensions>
    </Filter>
    <Filter Include="Resource Files">
      <UniqueIdentifier>{67DA6AB6-F800-4c08-8B7A-83BB121AAD01}</UniqueIdentifier>
      <Extensions>rc;ico;cur;bmp;dlg;rc2;rct;bin;rgs;gif;jpg;jpeg;jpe;resx;tiff;tif;png;wav;mfcribbon-ms</Extensions>
    </Filter>
    <Filter Include="libs\DualSenseWindows">
      <UniqueIdentifier>{a1b2c3d4-0000-4000-8000-000000000002}</UniqueIdentifier>
    </Filter>
  </ItemGroup>
  <ItemGroup>
    <ClCompile Include="src\main.cpp">
      <Filter>Source Files</Filter>
    </ClCompile>
    <ClCompile Include="src\app\Application.cpp">
      <Filter>Source Files</Filter>
    </ClCompile>
    <ClCompile Include="src\core\State.cpp">
      <Filter>Source Files</Filter>
    </ClCompile>
    <ClCompile Include="src\ui\NineSliceFrame.cpp">
      <Filter>Source Files</Filter>
    </ClCompile>
    <ClCompile Include="src\states\CompanySplashState.cpp">
      <Filter>Source Files</Filter>
    </ClCompile>
    <ClCompile Include="src\states\LoadingState.cpp">
      <Filter>Source Files</Filter>
    </ClCompile>
    <ClCompile Include="src\loading\AssetLoadJob.cpp">
      <Filter>Source Files</Filter>
    </ClCompile>
    <ClCompile Include="src\states\MenuShell.cpp">
      <Filter>Source Files</Filter>
    </ClCompile>
    <ClCompile Include="src\states\ScreenHost.cpp">
      <Filter>Source Files</Filter>
    </ClCompile>
    <ClCompile Include="src\states\MenuScreen.cpp">
      <Filter>Source Files</Filter>
    </ClCompile>
    <ClCompile Include="src\states\MainMenuScreen.cpp">
      <Filter>Source Files</Filter>
    </ClCompile>
    <ClCompile Include="src\states\CreditsScreen.cpp">
      <Filter>Source Files</Filter>
    </ClCompile>
    <ClCompile Include="src\states\OptionsScreen.cpp">
      <Filter>Source Files</Filter>
    </ClCompile>
    <ClCompile Include="src\states\AudioCategoryPanel.cpp">
      <Filter>Source Files</Filter>
    </ClCompile>
    <ClCompile Include="src\states\SettingsCategoryPanel.cpp">
      <Filter>Source Files</Filter>
    </ClCompile>
    <ClCompile Include="src\states\GraphicsCategoryPanel.cpp">
      <Filter>Source Files</Filter>
    </ClCompile>
    <ClCompile Include="src\states\KeyboardCategoryPanel.cpp">
      <Filter>Source Files</Filter>
    </ClCompile>
    <ClCompile Include="src\states\GamepadCategoryPanel.cpp">
      <Filter>Source Files</Filter>
    </ClCompile>
    <ClCompile Include="src\states\GameplayCategoryPanel.cpp">
      <Filter>Source Files</Filter>
    </ClCompile>
    <ClCompile Include="src\input\KeyName.cpp">
      <Filter>Source Files</Filter>
    </ClCompile>
    <ClCompile Include="src\ui\OptionRow.cpp">
      <Filter>Source Files</Filter>
    </ClCompile>
    <ClCompile Include="src\ui\ConfirmDialog.cpp">
      <Filter>Source Files</Filter>
    </ClCompile>
    <ClCompile Include="src\audio\AudioBalance.cpp">
      <Filter>Source Files</Filter>
    </ClCompile>
    <ClCompile Include="src\config\HapticSettings.cpp">
      <Filter>Source Files</Filter>
    </ClCompile>
    <ClCompile Include="src\audio\AudioPlayer.cpp">
      <Filter>Source Files</Filter>
    </ClCompile>
    <ClCompile Include="src\statistics\HighScoreManager.cpp">
      <Filter>Source Files</Filter>
    </ClCompile>
    <ClCompile Include="src\core\StateMachine.cpp">
      <Filter>Source Files</Filter>
    </ClCompile>
    <ClCompile Include="src\states\RecordsScreen.cpp">
      <Filter>Source Files</Filter>
    </ClCompile>
    <ClCompile Include="src\settings\SettingsManager.cpp">
      <Filter>Source Files</Filter>
    </ClCompile>
    <ClCompile Include="src\core\Context.cpp">
      <Filter>Source Files</Filter>
    </ClCompile>
    <ClCompile Include="src\display\DisplayManager.cpp">
      <Filter>Source Files</Filter>
    </ClCompile>
    <ClCompile Include="src\ui\Layout.cpp">
      <Filter>Source Files</Filter>
    </ClCompile>
    <ClCompile Include="src\ui\Label.cpp">
      <Filter>Source Files</Filter>
    </ClCompile>
    <ClCompile Include="src\ui\Button.cpp">
      <Filter>Source Files</Filter>
    </ClCompile>
    <ClCompile Include="src\ui\Slider.cpp">
      <Filter>Source Files</Filter>
    </ClCompile>
    <ClCompile Include="src\ui\Element.cpp">
      <Filter>Source Files</Filter>
    </ClCompile>
    <ClCompile Include="src\ui\CarouselMenu.cpp">
      <Filter>Source Files</Filter>
    </ClCompile>
    <ClCompile Include="src\ui\DropInTitle.cpp">
      <Filter>Source Files</Filter>
    </ClCompile>
    <ClCompile Include="src\ui\FpsCounter.cpp">
      <Filter>Source Files</Filter>
    </ClCompile>
    <ClCompile Include="src\ui\GlowingCursor.cpp">
      <Filter>Source Files</Filter>
    </ClCompile>
    <ClCompile Include="src\ui\MenuAurora.cpp">
      <Filter>Source Files</Filter>
    </ClCompile>
    <ClCompile Include="src\ui\MenuBackdrop.cpp">
      <Filter>Source Files</Filter>
    </ClCompile>
    <ClCompile Include="src\ui\MenuHeader.cpp">
      <Filter>Source Files</Filter>
    </ClCompile>
    <ClCompile Include="src\ui\MenuLabel.cpp">
      <Filter>Source Files</Filter>
    </ClCompile>
    <ClCompile Include="src\ui\MenuButtonColumn.cpp">
      <Filter>Source Files</Filter>
    </ClCompile>
    <ClCompile Include="src\ui\PixelDust.cpp">
      <Filter>Source Files</Filter>
    </ClCompile>
    <ClCompile Include="src\ui\MenuSparks.cpp">
      <Filter>Source Files</Filter>
    </ClCompile>
    <ClCompile Include="src\ui\Spacer.cpp">
      <Filter>Source Files</Filter>
    </ClCompile>
    <ClCompile Include="src\gameplay\Tetromino.cpp">
      <Filter>Source Files</Filter>
    </ClCompile>
    <ClCompile Include="src\gameplay\GameplaySession.cpp">
      <Filter>Source Files</Filter>
    </ClCompile>
    <ClCompile Include="src\rendering\BoardRenderer.cpp">
      <Filter>Source Files</Filter>
    </ClCompile>
    <ClCompile Include="src\rendering\EffectsController.cpp">
      <Filter>Source Files</Filter>
    </ClCompile>
    <ClCompile Include="src\rendering\NeonGlow.cpp">
      <Filter>Source Files</Filter>
    </ClCompile>
    <ClCompile Include="src\input\InputBinding.cpp">
      <Filter>Source Files</Filter>
    </ClCompile>
    <ClCompile Include="src\input\GamepadManager.cpp">
      <Filter>Source Files</Filter>
    </ClCompile>
    <ClCompile Include="src\input\gamepad\GamepadHaptics.cpp">
      <Filter>Source Files</Filter>
    </ClCompile>
    <ClCompile Include="libs\DualSenseWindows\src\DualSenseWindows\DS5_Input.cpp">
      <Filter>libs\DualSenseWindows</Filter>
    </ClCompile>
    <ClCompile Include="libs\DualSenseWindows\src\DualSenseWindows\DS5_Output.cpp">
      <Filter>libs\DualSenseWindows</Filter>
    </ClCompile>
    <ClCompile Include="libs\DualSenseWindows\src\DualSenseWindows\DS_CRC32.cpp">
      <Filter>libs\DualSenseWindows</Filter>
    </ClCompile>
    <ClCompile Include="libs\DualSenseWindows\src\DualSenseWindows\Helpers.cpp">
      <Filter>libs\DualSenseWindows</Filter>
    </ClCompile>
    <ClCompile Include="libs\DualSenseWindows\src\DualSenseWindows\IO.cpp">
      <Filter>libs\DualSenseWindows</Filter>
    </ClCompile>
    <ClCompile Include="src\input\DirectionalRepeater.cpp">
      <Filter>Source Files</Filter>
    </ClCompile>
    <ClCompile Include="src\input\MenuInput.cpp">
      <Filter>Source Files</Filter>
    </ClCompile>
    <ClCompile Include="src\localization\LocalizationManager.cpp">
      <Filter>Source Files</Filter>
    </ClCompile>
    <ClCompile Include="src\gameplay\Board.cpp">
      <Filter>Source Files</Filter>
    </ClCompile>
    <ClCompile Include="src\states\GameplayState.cpp">
      <Filter>Source Files</Filter>
    </ClCompile>
    <ClCompile Include="src\utils\Random.cpp">
      <Filter>Source Files</Filter>
    </ClCompile>
    <ClCompile Include="src\utils\AppDataPath.cpp">
      <Filter>Source Files</Filter>
    </ClCompile>
    <ClCompile Include="src\utils\SafeFileWrite.cpp">
      <Filter>Source Files</Filter>
    </ClCompile>
    <ClCompile Include="src\gameplay\TetrominoBag.cpp">
      <Filter>Source Files</Filter>
    </ClCompile>
    <ClCompile Include="src\states\PauseState.cpp">
      <Filter>Source Files</Filter>
    </ClCompile>
    <ClCompile Include="src\states\PauseMenuScreen.cpp">
      <Filter>Source Files</Filter>
    </ClCompile>
    <ClCompile Include="src\states\PlayTransition.cpp">
      <Filter>Source Files</Filter>
    </ClCompile>
    <ClCompile Include="src\states\GameOverState.cpp">
      <Filter>Source Files</Filter>
    </ClCompile>
    <ClCompile Include="src\ui\Panel.cpp">
      <Filter>Source Files</Filter>
    </ClCompile>
    <ClCompile Include="src\resources\ShaderManager.cpp">
      <Filter>Source Files</Filter>
    </ClCompile>
  </ItemGroup>
  <ItemGroup>
    <ClInclude Include="src\app\Application.h">
      <Filter>Header Files</Filter>
    </ClInclude>
    <ClInclude Include="src\ui\NineSliceFrame.h">
      <Filter>Header Files</Filter>
    </ClInclude>
    <ClInclude Include="src\ui\TextLayout.h">
      <Filter>Header Files</Filter>
    </ClInclude>
    <ClInclude Include="src\core\State.h">
      <Filter>Header Files</Filter>
    </ClInclude>
    <ClInclude Include="src\states\CompanySplashState.h">
      <Filter>Header Files</Filter>
    </ClInclude>
    <ClInclude Include="src\states\LoadingState.h">
      <Filter>Header Files</Filter>
    </ClInclude>
    <ClInclude Include="src\loading\AssetLoadJob.h">
      <Filter>Header Files</Filter>
    </ClInclude>
    <ClInclude Include="src\loading\LoadingProgress.h">
      <Filter>Header Files</Filter>
    </ClInclude>
    <ClInclude Include="src\states\MenuShell.h">
      <Filter>Header Files</Filter>
    </ClInclude>
    <ClInclude Include="src\states\ScreenHost.h">
      <Filter>Header Files</Filter>
    </ClInclude>
    <ClInclude Include="src\states\MenuScreen.h">
      <Filter>Header Files</Filter>
    </ClInclude>
    <ClInclude Include="src\states\MainMenuScreen.h">
      <Filter>Header Files</Filter>
    </ClInclude>
    <ClInclude Include="src\states\CreditsScreen.h">
      <Filter>Header Files</Filter>
    </ClInclude>
    <ClInclude Include="src\states\OptionsScreen.h">
      <Filter>Header Files</Filter>
    </ClInclude>
    <ClInclude Include="src\states\OptionsCategoryPanel.h">
      <Filter>Header Files</Filter>
    </ClInclude>
    <ClInclude Include="src\states\AudioCategoryPanel.h">
      <Filter>Header Files</Filter>
    </ClInclude>
    <ClInclude Include="src\states\OptionsSfx.h">
      <Filter>Header Files</Filter>
    </ClInclude>
    <ClInclude Include="src\states\SettingsCategoryPanel.h">
      <Filter>Header Files</Filter>
    </ClInclude>
    <ClInclude Include="src\states\KeyboardCategoryPanel.h">
      <Filter>Header Files</Filter>
    </ClInclude>
    <ClInclude Include="src\states\GamepadCategoryPanel.h">
      <Filter>Header Files</Filter>
    </ClInclude>
    <ClInclude Include="src\states\GameplayCategoryPanel.h">
      <Filter>Header Files</Filter>
    </ClInclude>
    <ClInclude Include="src\states\ControlsPanelMetrics.h">
      <Filter>Header Files</Filter>
    </ClInclude>
    <ClInclude Include="src\input\KeyName.h">
      <Filter>Header Files</Filter>
    </ClInclude>
    <ClInclude Include="src\states\GraphicsCategoryPanel.h">
      <Filter>Header Files</Filter>
    </ClInclude>
    <ClInclude Include="src\ui\OptionRow.h">
      <Filter>Header Files</Filter>
    </ClInclude>
    <ClInclude Include="src\ui\ConfirmDialog.h">
      <Filter>Header Files</Filter>
    </ClInclude>
    <ClInclude Include="src\resources\ResourceManager.h">
      <Filter>Header Files</Filter>
    </ClInclude>
    <ClInclude Include="src\resources\Assets.h">
      <Filter>Header Files</Filter>
    </ClInclude>
    <ClInclude Include="src\core\Context.h">
      <Filter>Header Files</Filter>
    </ClInclude>
    <ClInclude Include="src\core\GameVersion.h">
      <Filter>Header Files</Filter>
    </ClInclude>
    <ClInclude Include="src\audio\AudioBalance.h">
      <Filter>Header Files</Filter>
    </ClInclude>
    <ClInclude Include="src\audio\AudioPlayer.h">
      <Filter>Header Files</Filter>
    </ClInclude>
    <ClInclude Include="libs\nlohmann\json.hpp">
      <Filter>Header Files</Filter>
    </ClInclude>
    <ClInclude Include="src\statistics\HighScoreEntry.h">
      <Filter>Header Files</Filter>
    </ClInclude>
    <ClInclude Include="src\statistics\HighScoreManager.h">
      <Filter>Header Files</Filter>
    </ClInclude>
    <ClInclude Include="src\core\StateMachine.h">
      <Filter>Header Files</Filter>
    </ClInclude>
    <ClInclude Include="src\states\RecordsScreen.h">
      <Filter>Header Files</Filter>
    </ClInclude>
    <ClInclude Include="src\settings\GameSettings.h">
      <Filter>Header Files</Filter>
    </ClInclude>
    <ClInclude Include="src\settings\SettingsManager.h">
      <Filter>Header Files</Filter>
    </ClInclude>
    <ClInclude Include="src\display\DisplayManager.h">
      <Filter>Header Files</Filter>
    </ClInclude>
    <ClInclude Include="src\display\DisplayMode.h">
      <Filter>Header Files</Filter>
    </ClInclude>
    <ClInclude Include="src\ui\Element.h">
      <Filter>Header Files</Filter>
    </ClInclude>
    <ClInclude Include="src\ui\CarouselMenu.h">
      <Filter>Header Files</Filter>
    </ClInclude>
    <ClInclude Include="src\ui\ColourUtils.h">
      <Filter>Header Files</Filter>
    </ClInclude>
    <ClInclude Include="src\ui\Easing.h">
      <Filter>Header Files</Filter>
    </ClInclude>
    <ClInclude Include="src\ui\DropInTitle.h">
      <Filter>Header Files</Filter>
    </ClInclude>
    <ClInclude Include="src\ui\TetrominoPalette.h">
      <Filter>Header Files</Filter>
    </ClInclude>
    <ClInclude Include="src\ui\FpsCounter.h">
      <Filter>Header Files</Filter>
    </ClInclude>
    <ClInclude Include="src\ui\GlowingCursor.h">
      <Filter>Header Files</Filter>
    </ClInclude>
    <ClInclude Include="src\ui\MenuAurora.h">
      <Filter>Header Files</Filter>
    </ClInclude>
    <ClInclude Include="src\ui\MenuBackdrop.h">
      <Filter>Header Files</Filter>
    </ClInclude>
    <ClInclude Include="src\ui\GlyphQuad.h">
      <Filter>Header Files</Filter>
    </ClInclude>
    <ClInclude Include="src\ui\MenuHeader.h">
      <Filter>Header Files</Filter>
    </ClInclude>
    <ClInclude Include="src\ui\MenuLabel.h">
      <Filter>Header Files</Filter>
    </ClInclude>
    <ClInclude Include="src\ui\MenuButtonColumn.h">
      <Filter>Header Files</Filter>
    </ClInclude>
    <ClInclude Include="src\ui\PixelDust.h">
      <Filter>Header Files</Filter>
    </ClInclude>
    <ClInclude Include="src\ui\MenuSparks.h">
      <Filter>Header Files</Filter>
    </ClInclude>
    <ClInclude Include="src\ui\Layout.h">
      <Filter>Header Files</Filter>
    </ClInclude>
    <ClInclude Include="src\ui\Label.h">
      <Filter>Header Files</Filter>
    </ClInclude>
    <ClInclude Include="src\ui\Button.h">
      <Filter>Header Files</Filter>
    </ClInclude>
    <ClInclude Include="src\ui\Slider.h">
      <Filter>Header Files</Filter>
    </ClInclude>
    <ClInclude Include="src\ui\Spacer.h">
      <Filter>Header Files</Filter>
    </ClInclude>
    <ClInclude Include="src\gameplay\Tetromino.h">
      <Filter>Header Files</Filter>
    </ClInclude>
    <ClInclude Include="src\gameplay\TetrominoShapes.h">
      <Filter>Header Files</Filter>
    </ClInclude>
    <ClInclude Include="src\gameplay\GameplaySession.h">
      <Filter>Header Files</Filter>
    </ClInclude>
    <ClInclude Include="src\rendering\BoardRenderer.h">
      <Filter>Header Files</Filter>
    </ClInclude>
    <ClInclude Include="src\rendering\EffectsController.h">
      <Filter>Header Files</Filter>
    </ClInclude>
    <ClInclude Include="src\rendering\NeonGlow.h">
      <Filter>Header Files</Filter>
    </ClInclude>
    <ClInclude Include="src\input\InputBinding.h">
      <Filter>Header Files</Filter>
    </ClInclude>
    <ClInclude Include="src\input\ActionMap.h">
      <Filter>Header Files</Filter>
    </ClInclude>
    <ClInclude Include="src\input\InputHandler.h">
      <Filter>Header Files</Filter>
    </ClInclude>
    <ClInclude Include="src\input\GamepadManager.h">
      <Filter>Header Files</Filter>
    </ClInclude>
    <ClInclude Include="src\input\gamepad\GamepadHaptics.h">
      <Filter>Header Files</Filter>
    </ClInclude>
    <ClInclude Include="src\input\gamepad\HapticPulse.h">
      <Filter>Header Files</Filter>
    </ClInclude>
    <ClInclude Include="src\config\HapticSettings.h">
      <Filter>Header Files</Filter>
    </ClInclude>
    <ClInclude Include="libs\DualSenseWindows\include\DualSenseWindows\Device.h">
      <Filter>libs\DualSenseWindows</Filter>
    </ClInclude>
    <ClInclude Include="libs\DualSenseWindows\include\DualSenseWindows\DS5State.h">
      <Filter>libs\DualSenseWindows</Filter>
    </ClInclude>
    <ClInclude Include="libs\DualSenseWindows\include\DualSenseWindows\DSW_Api.h">
      <Filter>libs\DualSenseWindows</Filter>
    </ClInclude>
    <ClInclude Include="libs\DualSenseWindows\include\DualSenseWindows\Helpers.h">
      <Filter>libs\DualSenseWindows</Filter>
    </ClInclude>
    <ClInclude Include="libs\DualSenseWindows\include\DualSenseWindows\IO.h">
      <Filter>libs\DualSenseWindows</Filter>
    </ClInclude>
    <ClInclude Include="libs\DualSenseWindows\src\DualSenseWindows\DS5_Input.h">
      <Filter>libs\DualSenseWindows</Filter>
    </ClInclude>
    <ClInclude Include="libs\DualSenseWindows\src\DualSenseWindows\DS5_Output.h">
      <Filter>libs\DualSenseWindows</Filter>
    </ClInclude>
    <ClInclude Include="libs\DualSenseWindows\src\DualSenseWindows\DS_CRC32.h">
      <Filter>libs\DualSenseWindows</Filter>
    </ClInclude>
    <ClInclude Include="src\input\DirectionalRepeater.h">
      <Filter>Header Files</Filter>
    </ClInclude>
    <ClInclude Include="src\input\MenuInput.h">
      <Filter>Header Files</Filter>
    </ClInclude>
    <ClInclude Include="src\localization\LocalizationManager.h">
      <Filter>Header Files</Filter>
    </ClInclude>
    <ClInclude Include="src\localization\TextKeys.h">
      <Filter>Header Files</Filter>
    </ClInclude>
    <ClInclude Include="src\gameplay\Cell.h">
      <Filter>Header Files</Filter>
    </ClInclude>
    <ClInclude Include="src\gameplay\Board.h">
      <Filter>Header Files</Filter>
    </ClInclude>
    <ClInclude Include="src\states\GameplayState.h">
      <Filter>Header Files</Filter>
    </ClInclude>
    <ClInclude Include="src\utils\Random.h">
      <Filter>Header Files</Filter>
    </ClInclude>
    <ClInclude Include="src\utils\AppDataPath.h">
      <Filter>Header Files</Filter>
    </ClInclude>
    <ClInclude Include="src\utils\SafeFileWrite.h">
      <Filter>Header Files</Filter>
    </ClInclude>
    <ClInclude Include="src\gameplay\TetrominoBag.h">
      <Filter>Header Files</Filter>
    </ClInclude>
    <ClInclude Include="src\states\PauseState.h">
      <Filter>Header Files</Filter>
    </ClInclude>
    <ClInclude Include="src\states\PauseMenuScreen.h">
      <Filter>Header Files</Filter>
    </ClInclude>
    <ClInclude Include="src\states\PlayTransition.h">
      <Filter>Header Files</Filter>
    </ClInclude>
    <ClInclude Include="src\states\GameOverState.h">
      <Filter>Header Files</Filter>
    </ClInclude>
    <ClInclude Include="src\ui\Panel.h">
      <Filter>Header Files</Filter>
    </ClInclude>
    <ClInclude Include="src\resources\ShaderManager.h">
      <Filter>Header Files</Filter>
    </ClInclude>
  </ItemGroup>
  <ItemGroup>
    <None Include="assets\shaders\ghost_tetromino.frag" />
    <None Include="assets\shaders\crt.frag" />
    <None Include="assets\shaders\blur.frag" />
    <None Include="assets\shaders\neon_dilate.frag" />
    <None Include="assets\shaders\neon_blur.frag" />
    <None Include="assets\shaders\menu_aurora.frag" />
    <None Include="libs\SFML\README.md" />
    <None Include="README.md" />
    <None Include="BACKLOG.md" />
    <None Include="assets\data\localization\en.txt" />
    <None Include="assets\data\audio_balance.json" />
    <None Include="assets\data\haptics.json" />
  </ItemGroup>
</Project>